name: 'Lockdown'

on:
  pull_request_target:
    types: opened
  schedule:
    - cron: '0 * * * *'

permissions:
  pull-requests: write

jobs:
  action:
    runs-on: ubuntu-latest
    steps:
      - uses: dessant/repo-lockdown@17c2cc64a91eff426f242b05dd523c6f098889b6 # v5.0.2
        with:
          process-only: prs
          skip-closed-pr-comment: true
          pr-comment: |
            Thank you very much for your contribution :heart: 
            
            The GitLab Terraform Provider project has been moved to [GitLab](https://gitlab.com/gitlab-org/terraform-provider-gitlab) and
            we welcome your contribution [there](https://gitlab.com/gitlab-org/terraform-provider-gitlab/merge_requests) :tada:
